{
  "name": "hopper-tech-test",
  "version": "0.0.1",
  "lockfileVersion": 3,
  "requires": true,
  "packages": {
    "": {
      "name": "hopper-tech-test",
      "version": "0.0.1",
      "license": "ISC",
      "devDependencies": {
        "@tsconfig/recommended": "^1.0.13"
      }
    },
    "node_modules/@tsconfig/recommended": {
      "version": "1.0.13",
      "resolved": "https://resilientplc.jfrog.io/artifactory/api/npm/npm/@tsconfig/recommended/-/recommended-1.0.13.tgz",
      "integrity": "sha512-sySRuBfMKyKO/j2ZAhR8kSembhjuPEV4Ra3AHtmWLq51+iGaudr45crPSzNC5b7/Ctrh9dfUpBuTlYrH6rM58Q==",
      "dev": true,
      "license": "MIT"
    }
  }
}
